// !$*UTF8*$!
{
	archiveVersion = 1;
	classes = {
	};
	objectVersion = 45;
	objects = {

/* Begin PBXBuildFile section */
		AACBBE4A0F95108600F1A2B1 /* Foundation.framework in Frameworks */ = {isa = PBXBuildFile; fileRef = AACBBE490F95108600F1A2B1 /* Foundation.framework */; };
		FFBC91AC12CCB9AF00E1B723 /* IRKeychain.h in Headers */ = {isa = PBXBuildFile; fileRef = FFBC91AA12CCB9AF00E1B723 /* IRKeychain.h */; };
		FFBC91B512CCB9EF00E1B723 /* CoreFoundation.framework in Frameworks */ = {isa = PBXBuildFile; fileRef = FFBC91B412CCB9EF00E1B723 /* CoreFoundation.framework */; };
		FFBC91B712CCB9EF00E1B723 /* Security.framework in Frameworks */ = {isa = PBXBuildFile; fileRef = FFBC91B612CCB9EF00E1B723 /* Security.framework */; };
		FFBC922812CCBA2700E1B723 /* IRKeychain_Prefix.pch in Headers */ = {isa = PBXBuildFile; fileRef = FFBC922712CCBA2700E1B723 /* IRKeychain_Prefix.pch */; };
		FFBC928A12CCBC3F00E1B723 /* IRKeychainAbstractItem.h in Headers */ = {isa = PBXBuildFile; fileRef = FFBC928812CCBC3F00E1B723 /* IRKeychainAbstractItem.h */; };
		FFBC928B12CCBC3F00E1B723 /* IRKeychainAbstractItem.m in Sources */ = {isa = PBXBuildFile; fileRef = FFBC928912CCBC3F00E1B723 /* IRKeychainAbstractItem.m */; };
		FFBC929012CCBC7000E1B723 /* IRKeychainPasswordItem.h in Headers */ = {isa = PBXBuildFile; fileRef = FFBC928E12CCBC7000E1B723 /* IRKeychainPasswordItem.h */; };
		FFBC929112CCBC7000E1B723 /* IRKeychainPasswordItem.m in Sources */ = {isa = PBXBuildFile; fileRef = FFBC928F12CCBC7000E1B723 /* IRKeychainPasswordItem.m */; };
		FFBC929412CCBC8C00E1B723 /* IRKeychainInternetPasswordItem.h in Headers */ = {isa = PBXBuildFile; fileRef = FFBC929212CCBC8C00E1B723 /* IRKeychainInternetPasswordItem.h */; };
		FFBC929512CCBC8C00E1B723 /* IRKeychainInternetPasswordItem.m in Sources */ = {isa = PBXBuildFile; fileRef = FFBC929312CCBC8C00E1B723 /* IRKeychainInternetPasswordItem.m */; };
		FFBC929812CCBC9C00E1B723 /* IRKeychainCertificateItem.h in Headers */ = {isa = PBXBuildFile; fileRef = FFBC929612CCBC9C00E1B723 /* IRKeychainCertificateItem.h */; };
		FFBC929912CCBC9C00E1B723 /* IRKeychainCertificateItem.m in Sources */ = {isa = PBXBuildFile; fileRef = FFBC929712CCBC9C00E1B723 /* IRKeychainCertificateItem.m */; };
		FFBC929C12CCBCA900E1B723 /* IRKeychainKeyItem.h in Headers */ = {isa = PBXBuildFile; fileRef = FFBC929A12CCBCA900E1B723 /* IRKeychainKeyItem.h */; };
		FFBC929D12CCBCA900E1B723 /* IRKeychainKeyItem.m in Sources */ = {isa = PBXBuildFile; fileRef = FFBC929B12CCBCA900E1B723 /* IRKeychainKeyItem.m */; };
		FFBC92A212CCBCB800E1B723 /* IRKeychainIdentityItem.h in Headers */ = {isa = PBXBuildFile; fileRef = FFBC92A012CCBCB800E1B723 /* IRKeychainIdentityItem.h */; };
		FFBC92A312CCBCB800E1B723 /* IRKeychainIdentityItem.m in Sources */ = {isa = PBXBuildFile; fileRef = FFBC92A112CCBCB800E1B723 /* IRKeychainIdentityItem.m */; };
		FFBC92AF12CCBD1B00E1B723 /* IRKeychainDefines.h in Headers */ = {isa = PBXBuildFile; fileRef = FFBC92AE12CCBD1B00E1B723 /* IRKeychainDefines.h */; };
		FFBC931E12CCBE8900E1B723 /* IRKeychainManager.h in Headers */ = {isa = PBXBuildFile; fileRef = FFBC931C12CCBE8900E1B723 /* IRKeychainManager.h */; };
		FFBC931F12CCBE8900E1B723 /* IRKeychainManager.m in Sources */ = {isa = PBXBuildFile; fileRef = FFBC931D12CCBE8900E1B723 /* IRKeychainManager.m */; };
/* End PBXBuildFile section */

/* Begin PBXFileReference section */
		AACBBE490F95108600F1A2B1 /* Foundation.framework */ = {isa = PBXFileReference; lastKnownFileType = wrapper.framework; name = Foundation.framework; path = System/Library/Frameworks/Foundation.framework; sourceTree = SDKROOT; };
		D2AAC07E0554694100DB518D /* libIRKeychain.a */ = {isa = PBXFileReference; explicitFileType = archive.ar; includeInIndex = 0; path = libIRKeychain.a; sourceTree = BUILT_PRODUCTS_DIR; };
		FFBC91AA12CCB9AF00E1B723 /* IRKeychain.h */ = {isa = PBXFileReference; fileEncoding = 4; lastKnownFileType = sourcecode.c.h; path = IRKeychain.h; sourceTree = "<group>"; };
		FFBC91B412CCB9EF00E1B723 /* CoreFoundation.framework */ = {isa = PBXFileReference; lastKnownFileType = wrapper.framework; name = CoreFoundation.framework; path = System/Library/Frameworks/CoreFoundation.framework; sourceTree = SDKROOT; };
		FFBC91B612CCB9EF00E1B723 /* Security.framework */ = {isa = PBXFileReference; lastKnownFileType = wrapper.framework; name = Security.framework; path = System/Library/Frameworks/Security.framework; sourceTree = SDKROOT; };
		FFBC922712CCBA2700E1B723 /* IRKeychain_Prefix.pch */ = {isa = PBXFileReference; fileEncoding = 4; lastKnownFileType = sourcecode.c.h; path = IRKeychain_Prefix.pch; sourceTree = "<group>"; };
		FFBC928812CCBC3F00E1B723 /* IRKeychainAbstractItem.h */ = {isa = PBXFileReference; fileEncoding = 4; lastKnownFileType = sourcecode.c.h; path = IRKeychainAbstractItem.h; sourceTree = "<group>"; };
		FFBC928912CCBC3F00E1B723 /* IRKeychainAbstractItem.m */ = {isa = PBXFileReference; fileEncoding = 4; lastKnownFileType = sourcecode.c.objc; path = IRKeychainAbstractItem.m; sourceTree = "<group>"; };
		FFBC928E12CCBC7000E1B723 /* IRKeychainPasswordItem.h */ = {isa = PBXFileReference; fileEncoding = 4; lastKnownFileType = sourcecode.c.h; path = IRKeychainPasswordItem.h; sourceTree = "<group>"; };
		FFBC928F12CCBC7000E1B723 /* IRKeychainPasswordItem.m */ = {isa = PBXFileReference; fileEncoding = 4; lastKnownFileType = sourcecode.c.objc; path = IRKeychainPasswordItem.m; sourceTree = "<group>"; };
		FFBC929212CCBC8C00E1B723 /* IRKeychainInternetPasswordItem.h */ = {isa = PBXFileReference; fileEncoding = 4; lastKnownFileType = sourcecode.c.h; path = IRKeychainInternetPasswordItem.h; sourceTree = "<group>"; };
		FFBC929312CCBC8C00E1B723 /* IRKeychainInternetPasswordItem.m */ = {isa = PBXFileReference; fileEncoding = 4; lastKnownFileType = sourcecode.c.objc; path = IRKeychainInternetPasswordItem.m; sourceTree = "<group>"; };
		FFBC929612CCBC9C00E1B723 /* IRKeychainCertificateItem.h */ = {isa = PBXFileReference; fileEncoding = 4; lastKnownFileType = sourcecode.c.h; path = IRKeychainCertificateItem.h; sourceTree = "<group>"; };
		FFBC929712CCBC9C00E1B723 /* IRKeychainCertificateItem.m */ = {isa = PBXFileReference; fileEncoding = 4; lastKnownFileType = sourcecode.c.objc; path = IRKeychainCertificateItem.m; sourceTree = "<group>"; };
		FFBC929A12CCBCA900E1B723 /* IRKeychainKeyItem.h */ = {isa = PBXFileReference; fileEncoding = 4; lastKnownFileType = sourcecode.c.h; path = IRKeychainKeyItem.h; sourceTree = "<group>"; };
		FFBC929B12CCBCA900E1B723 /* IRKeychainKeyItem.m */ = {isa = PBXFileReference; fileEncoding = 4; lastKnownFileType = sourcecode.c.objc; path = IRKeychainKeyItem.m; sourceTree = "<group>"; };
		FFBC92A012CCBCB800E1B723 /* IRKeychainIdentityItem.h */ = {isa = PBXFileReference; fileEncoding = 4; lastKnownFileType = sourcecode.c.h; path = IRKeychainIdentityItem.h; sourceTree = "<group>"; };
		FFBC92A112CCBCB800E1B723 /* IRKeychainIdentityItem.m */ = {isa = PBXFileReference; fileEncoding = 4; lastKnownFileType = sourcecode.c.objc; path = IRKeychainIdentityItem.m; sourceTree = "<group>"; };
		FFBC92AE12CCBD1B00E1B723 /* IRKeychainDefines.h */ = {isa = PBXFileReference; fileEncoding = 4; lastKnownFileType = sourcecode.c.h; path = IRKeychainDefines.h; sourceTree = "<group>"; };
		FFBC931C12CCBE8900E1B723 /* IRKeychainManager.h */ = {isa = PBXFileReference; fileEncoding = 4; lastKnownFileType = sourcecode.c.h; path = IRKeychainManager.h; sourceTree = "<group>"; };
		FFBC931D12CCBE8900E1B723 /* IRKeychainManager.m */ = {isa = PBXFileReference; fileEncoding = 4; lastKnownFileType = sourcecode.c.objc; path = IRKeychainManager.m; sourceTree = "<group>"; };
/* End PBXFileReference section */

/* Begin PBXFrameworksBuildPhase section */
		D2AAC07C0554694100DB518D /* Frameworks */ = {
			isa = PBXFrameworksBuildPhase;
			buildActionMask = 2147483647;
			files = (
				AACBBE4A0F95108600F1A2B1 /* Foundation.framework in Frameworks */,
				FFBC91B512CCB9EF00E1B723 /* CoreFoundation.framework in Frameworks */,
				FFBC91B712CCB9EF00E1B723 /* Security.framework in Frameworks */,
			);
			runOnlyForDeploymentPostprocessing = 0;
		};
/* End PBXFrameworksBuildPhase section */

/* Begin PBXGroup section */
		034768DFFF38A50411DB9C8B /* Products */ = {
			isa = PBXGroup;
			children = (
				D2AAC07E0554694100DB518D /* libIRKeychain.a */,
			);
			name = Products;
			sourceTree = "<group>";
		};
		0867D691FE84028FC02AAC07 /* IRKeychain */ = {
			isa = PBXGroup;
			children = (
				FFBC91AA12CCB9AF00E1B723 /* IRKeychain.h */,
				FFBC922712CCBA2700E1B723 /* IRKeychain_Prefix.pch */,
				FFBC92AE12CCBD1B00E1B723 /* IRKeychainDefines.h */,
				FFBC931C12CCBE8900E1B723 /* IRKeychainManager.h */,
				FFBC931D12CCBE8900E1B723 /* IRKeychainManager.m */,
				FFBC928D12CCBC5600E1B723 /* Keychain Items */,
				FFBC91B312CCB9D100E1B723 /* IRWebAPIKit Integration */,
				0867D69AFE84028FC02AAC07 /* Frameworks */,
				034768DFFF38A50411DB9C8B /* Products */,
			);
			name = IRKeychain;
			sourceTree = "<group>";
		};
		0867D69AFE84028FC02AAC07 /* Frameworks */ = {
			isa = PBXGroup;
			children = (
				FFBC91B412CCB9EF00E1B723 /* CoreFoundation.framework */,
				FFBC91B612CCB9EF00E1B723 /* Security.framework */,
				AACBBE490F95108600F1A2B1 /* Foundation.framework */,
			);
			name = Frameworks;
			sourceTree = "<group>";
		};
		FFBC91B312CCB9D100E1B723 /* IRWebAPIKit Integration */ = {
			isa = PBXGroup;
			children = (
			);
			name = "IRWebAPIKit Integration";
			sourceTree = "<group>";
		};
		FFBC928D12CCBC5600E1B723 /* Keychain Items */ = {
			isa = PBXGroup;
			children = (
				FFBC928812CCBC3F00E1B723 /* IRKeychainAbstractItem.h */,
				FFBC928912CCBC3F00E1B723 /* IRKeychainAbstractItem.m */,
				FFBC928E12CCBC7000E1B723 /* IRKeychainPasswordItem.h */,
				FFBC928F12CCBC7000E1B723 /* IRKeychainPasswordItem.m */,
				FFBC929212CCBC8C00E1B723 /* IRKeychainInternetPasswordItem.h */,
				FFBC929312CCBC8C00E1B723 /* IRKeychainInternetPasswordItem.m */,
				FFBC929612CCBC9C00E1B723 /* IRKeychainCertificateItem.h */,
				FFBC929712CCBC9C00E1B723 /* IRKeychainCertificateItem.m */,
				FFBC929B12CCBCA900E1B723 /* IRKeychainKeyItem.m */,
				FFBC929A12CCBCA900E1B723 /* IRKeychainKeyItem.h */,
				FFBC92A012CCBCB800E1B723 /* IRKeychainIdentityItem.h */,
				FFBC92A112CCBCB800E1B723 /* IRKeychainIdentityItem.m */,
			);
			name = "Keychain Items";
			sourceTree = "<group>";
		};
/* End PBXGroup section */

/* Begin PBXHeadersBuildPhase section */
		D2AAC07A0554694100DB518D /* Headers */ = {
			isa = PBXHeadersBuildPhase;
			buildActionMask = 2147483647;
			files = (
				FFBC91AC12CCB9AF00E1B723 /* IRKeychain.h in Headers */,
				FFBC922812CCBA2700E1B723 /* IRKeychain_Prefix.pch in Headers */,
				FFBC928A12CCBC3F00E1B723 /* IRKeychainAbstractItem.h in Headers */,
				FFBC929012CCBC7000E1B723 /* IRKeychainPasswordItem.h in Headers */,
				FFBC929412CCBC8C00E1B723 /* IRKeychainInternetPasswordItem.h in Headers */,
				FFBC929812CCBC9C00E1B723 /* IRKeychainCertificateItem.h in Headers */,
				FFBC929C12CCBCA900E1B723 /* IRKeychainKeyItem.h in Headers */,
				FFBC92A212CCBCB800E1B723 /* IRKeychainIdentityItem.h in Headers */,
				FFBC92AF12CCBD1B00E1B723 /* IRKeychainDefines.h in Headers */,
				FFBC931E12CCBE8900E1B723 /* IRKeychainManager.h in Headers */,
			);
			runOnlyForDeploymentPostprocessing = 0;
		};
/* End PBXHeadersBuildPhase section */

/* Begin PBXNativeTarget section */
		D2AAC07D0554694100DB518D /* IRKeychain */ = {
			isa = PBXNativeTarget;
			buildConfigurationList = 1DEB921E08733DC00010E9CD /* Build configuration list for PBXNativeTarget "IRKeychain" */;
			buildPhases = (
				D2AAC07A0554694100DB518D /* Headers */,
				D2AAC07B0554694100DB518D /* Sources */,
				D2AAC07C0554694100DB518D /* Frameworks */,
			);
			buildRules = (
			);
			dependencies = (
			);
			name = IRKeychain;
			productName = IRKeychain;
			productReference = D2AAC07E0554694100DB518D /* libIRKeychain.a */;
			productType = "com.apple.product-type.library.static";
		};
/* End PBXNativeTarget section */

/* Begin PBXProject section */
		0867D690FE84028FC02AAC07 /* Project object */ = {
			isa = PBXProject;
			buildConfigurationList = 1DEB922208733DC00010E9CD /* Build configuration list for PBXProject "IRKeychain" */;
			compatibilityVersion = "Xcode 3.1";
			developmentRegion = English;
			hasScannedForEncodings = 1;
			knownRegions = (
				English,
				Japanese,
				French,
				German,
			);
			mainGroup = 0867D691FE84028FC02AAC07 /* IRKeychain */;
			productRefGroup = 034768DFFF38A50411DB9C8B /* Products */;
			projectDirPath = "";
			projectRoot = "";
			targets = (
				D2AAC07D0554694100DB518D /* IRKeychain */,
			);
		};
/* End PBXProject section */

/* Begin PBXSourcesBuildPhase section */
		D2AAC07B0554694100DB518D /* Sources */ = {
			isa = PBXSourcesBuildPhase;
			buildActionMask = 2147483647;
			files = (
				FFBC928B12CCBC3F00E1B723 /* IRKeychainAbstractItem.m in Sources */,
				FFBC929112CCBC7000E1B723 /* IRKeychainPasswordItem.m in Sources */,
				FFBC929512CCBC8C00E1B723 /* IRKeychainInternetPasswordItem.m in Sources */,
				FFBC929912CCBC9C00E1B723 /* IRKeychainCertificateItem.m in Sources */,
				FFBC929D12CCBCA900E1B723 /* IRKeychainKeyItem.m in Sources */,
				FFBC92A312CCBCB800E1B723 /* IRKeychainIdentityItem.m in Sources */,
				FFBC931F12CCBE8900E1B723 /* IRKeychainManager.m in Sources */,
			);
			runOnlyForDeploymentPostprocessing = 0;
		};
/* End PBXSourcesBuildPhase section */

/* Begin XCBuildConfiguration section */
		1DEB921F08733DC00010E9CD /* Debug */ = {
			isa = XCBuildConfiguration;
			buildSettings = {
				ALWAYS_SEARCH_USER_PATHS = NO;
				ARCHS = "$(ARCHS_STANDARD_32_BIT)";
				COPY_PHASE_STRIP = NO;
				DSTROOT = /tmp/IRKeychain.dst;
				GCC_DYNAMIC_NO_PIC = NO;
				GCC_ENABLE_FIX_AND_CONTINUE = YES;
				GCC_MODEL_TUNING = G5;
				GCC_OPTIMIZATION_LEVEL = 0;
				GCC_PRECOMPILE_PREFIX_HEADER = YES;
				GCC_PREFIX_HEADER = IRKeychain_Prefix.pch;
				GENERATE_MASTER_OBJECT_FILE = YES;
				INSTALL_PATH = /usr/local/lib;
				OTHER_LDFLAGS = (
					"-all_load",
					"-ObjC",
				);
				PRODUCT_NAME = IRKeychain;
			};
			name = Debug;
		};
		1DEB922008733DC00010E9CD /* Release */ = {
			isa = XCBuildConfiguration;
			buildSettings = {
				ALWAYS_SEARCH_USER_PATHS = NO;
				ARCHS = "$(ARCHS_STANDARD_32_BIT)";
				DSTROOT = /tmp/IRKeychain.dst;
				GCC_MODEL_TUNING = G5;
				GCC_PRECOMPILE_PREFIX_HEADER = YES;
				GCC_PREFIX_HEADER = IRKeychain_Prefix.pch;
				INSTALL_PATH = /usr/local/lib;
				PRODUCT_NAME = IRKeychain;
			};
			name = Release;
		};
		1DEB922308733DC00010E9CD /* Debug */ = {
			isa = XCBuildConfiguration;
			buildSettings = {
				ARCHS = "$(ARCHS_STANDARD_32_BIT)";
				GCC_C_LANGUAGE_STANDARD = c99;
				GCC_OPTIMIZATION_LEVEL = 0;
				GCC_VERSION = com.apple.compilers.llvm.clang.1_0;
				GCC_WARN_ABOUT_RETURN_TYPE = YES;
				GCC_WARN_UNUSED_VARIABLE = YES;
				OTHER_CFLAGS = (
					"-Xclang",
					"-fobjc-nonfragile-abi2",
				);
				OTHER_LDFLAGS = "-ObjC";
				PREBINDING = NO;
				SDKROOT = iphoneos;
			};
			name = Debug;
		};
		1DEB922408733DC00010E9CD /* Release */ = {
			isa = XCBuildConfiguration;
			buildSettings = {
				ARCHS = "$(ARCHS_STANDARD_32_BIT)";
				GCC_C_LANGUAGE_STANDARD = c99;
				GCC_VERSION = com.apple.compilers.llvm.clang.1_0;
				GCC_WARN_ABOUT_RETURN_TYPE = YES;
				GCC_WARN_UNUSED_VARIABLE = YES;
				OTHER_CFLAGS = (
					"-Xclang",
					"-fobjc-nonfragile-abi2",
					"-DNS_BLOCK_ASSERTIONS=1",
				);
				OTHER_LDFLAGS = "-ObjC";
				PREBINDING = NO;
				SDKROOT = iphoneos;
			};
			name = Release;
		};
/* End XCBuildConfiguration section */

/* Begin XCConfigurationList section */
		1DEB921E08733DC00010E9CD /* Build configuration list for PBXNativeTarget "IRKeychain" */ = {
			isa = XCConfigurationList;
			buildConfigurations = (
				1DEB921F08733DC00010E9CD /* Debug */,
				1DEB922008733DC00010E9CD /* Release */,
			);
			defaultConfigurationIsVisible = 0;
			defaultConfigurationName = Release;
		};
		1DEB922208733DC00010E9CD /* Build configuration list for PBXProject "IRKeychain" */ = {
			isa = XCConfigurationList;
			buildConfigurations = (
				1DEB922308733DC00010E9CD /* Debug */,
				1DEB922408733DC00010E9CD /* Release */,
			);
			defaultConfigurationIsVisible = 0;
			defaultConfigurationName = Release;
		};
/* End XCConfigurationList section */
	};
	rootObject = 0867D690FE84028FC02AAC07 /* Project object */;
}
